
Microsoft Visual Studio Solution File, Format Version 12.00
# Visual Studio Version 17
VisualStudioVersion = 17.9.34728.123
MinimumVisualStudioVersion = 10.0.40219.1
Project("{FAE04EC0-301F-11D3-BF4B-00C04F79EFBC}") = "ApiAuthDemo", "ApiAuthDemo\ApiAuthDemo\ApiAuthDemo.csproj", "{95D2B48A-C7D2-4016-8C6E-57FB582235E3}"
EndProject
Project("{FAE04EC0-301F-11D3-BF4B-00C04F79EFBC}") = "ApiAuthDemo.Client", "ApiAuthDemo\ApiAuthDemo.Client\ApiAuthDemo.Client.csproj", "{130E593C-80EB-4E13-8687-DEBCC8D997F5}"
EndProject
Project("{9A19103F-16F7-4668-BE54-9A1E7A4F7556}") = "ApiClientBaseLibrary", "ApiClientBaseLibrary\ApiClientBaseLibrary.csproj", "{916893F8-3269-40D4-86F7-B496790FAF39}"
EndProject
Project("{FAE04EC0-301F-11D3-BF4B-00C04F79EFBC}") = "ApiAuthDemo.Data", "ApiAuthDemo.Data\ApiAuthDemo.Data.csproj", "{039226A8-C74E-474C-956C-A6A290DFAADC}"
EndProject
Global
	GlobalSection(SolutionConfigurationPlatforms) = preSolution
		Debug|Any CPU = Debug|Any CPU
		Release|Any CPU = Release|Any CPU
	EndGlobalSection
	GlobalSection(ProjectConfigurationPlatforms) = postSolution
		{95D2B48A-C7D2-4016-8C6E-57FB582235E3}.Debug|Any CPU.ActiveCfg = Debug|Any CPU
		{95D2B48A-C7D2-4016-8C6E-57FB582235E3}.Debug|Any CPU.Build.0 = Debug|Any CPU
		{95D2B48A-C7D2-4016-8C6E-57FB582235E3}.Release|Any CPU.ActiveCfg = Release|Any CPU
		{95D2B48A-C7D2-4016-8C6E-57FB582235E3}.Release|Any CPU.Build.0 = Release|Any CPU
		{130E593C-80EB-4E13-8687-DEBCC8D997F5}.Debug|Any CPU.ActiveCfg = Debug|Any CPU
		{130E593C-80EB-4E13-8687-DEBCC8D997F5}.Debug|Any CPU.Build.0 = Debug|Any CPU
		{130E593C-80EB-4E13-8687-DEBCC8D997F5}.Release|Any CPU.ActiveCfg = Release|Any CPU
		{130E593C-80EB-4E13-8687-DEBCC8D997F5}.Release|Any CPU.Build.0 = Release|Any CPU
		{916893F8-3269-40D4-86F7-B496790FAF39}.Debug|Any CPU.ActiveCfg = Debug|Any CPU
		{916893F8-3269-40D4-86F7-B496790FAF39}.Debug|Any CPU.Build.0 = Debug|Any CPU
		{916893F8-3269-40D4-86F7-B496790FAF39}.Release|Any CPU.ActiveCfg = Release|Any CPU
		{916893F8-3269-40D4-86F7-B496790FAF39}.Release|Any CPU.Build.0 = Release|Any CPU
		{039226A8-C74E-474C-956C-A6A290DFAADC}.Debug|Any CPU.ActiveCfg = Debug|Any CPU
		{039226A8-C74E-474C-956C-A6A290DFAADC}.Debug|Any CPU.Build.0 = Debug|Any CPU
		{039226A8-C74E-474C-956C-A6A290DFAADC}.Release|Any CPU.ActiveCfg = Release|Any CPU
		{039226A8-C74E-474C-956C-A6A290DFAADC}.Release|Any CPU.Build.0 = Release|Any CPU
	EndGlobalSection
	GlobalSection(SolutionProperties) = preSolution
		HideSolutionNode = FALSE
	EndGlobalSection
	GlobalSection(ExtensibilityGlobals) = postSolution
		SolutionGuid = {CA156BD7-67AF-4710-91B7-2FB83AA48DB0}
	EndGlobalSection
EndGlobal
